// !$*UTF8*$!
{
	archiveVersion = 1;
	classes = {
	};
	objectVersion = 56;
	objects = {

/* Begin PBXBuildFile section */
		010000000000000000000101 /* FieldworkApp.swift in Sources */ = {isa = PBXBuildFile; fileRef = 010000000000000000000201 /* FieldworkApp.swift */; };
		010000000000000000000102 /* AppModel.swift in Sources */ = {isa = PBXBuildFile; fileRef = 010000000000000000000202 /* AppModel.swift */; };
		010000000000000000000111 /* AppDelegate.swift in Sources */ = {isa = PBXBuildFile; fileRef = 010000000000000000000212 /* AppDelegate.swift */; };
		010000000000000000000103 /* FieldworkService.swift in Sources */ = {isa = PBXBuildFile; fileRef = 010000000000000000000203 /* FieldworkService.swift */; };
		010000000000000000000104 /* FieldworkCoreStubs.swift in Sources */ = {isa = PBXBuildFile; fileRef = 010000000000000000000204 /* FieldworkCoreStubs.swift */; };
		010000000000000000000105 /* KeychainStore.swift in Sources */ = {isa = PBXBuildFile; fileRef = 010000000000000000000205 /* KeychainStore.swift */; };
		010000000000000000000106 /* SecurityGate.swift in Sources */ = {isa = PBXBuildFile; fileRef = 010000000000000000000206 /* SecurityGate.swift */; };
		010000000000000000000107 /* TerminalSessionController.swift in Sources */ = {isa = PBXBuildFile; fileRef = 010000000000000000000207 /* TerminalSessionController.swift */; };
		010000000000000000000108 /* Theme.swift in Sources */ = {isa = PBXBuildFile; fileRef = 010000000000000000000208 /* Theme.swift */; };
		010000000000000000000109 /* SessionsListView.swift in Sources */ = {isa = PBXBuildFile; fileRef = 010000000000000000000209 /* SessionsListView.swift */; };
		01000000000000000000010A /* PairingView.swift in Sources */ = {isa = PBXBuildFile; fileRef = 01000000000000000000020A /* PairingView.swift */; };
		01000000000000000000010B /* TerminalScreen.swift in Sources */ = {isa = PBXBuildFile; fileRef = 01000000000000000000020B /* TerminalScreen.swift */; };
		01000000000000000000010C /* SwiftTermView.swift in Sources */ = {isa = PBXBuildFile; fileRef = 01000000000000000000020C /* SwiftTermView.swift */; };
		01000000000000000000010D /* SettingsView.swift in Sources */ = {isa = PBXBuildFile; fileRef = 01000000000000000000020D /* SettingsView.swift */; };
		010000000000000000000113 /* OpenSourceLicensesView.swift in Sources */ = {isa = PBXBuildFile; fileRef = 010000000000000000000213 /* OpenSourceLicensesView.swift */; };
		010000000000000000000115 /* MobileTelemetry.swift in Sources */ = {isa = PBXBuildFile; fileRef = 010000000000000000000214 /* MobileTelemetry.swift */; };
		01000000000000000000010E /* fieldwork_mobile_core.swift in Sources */ = {isa = PBXBuildFile; fileRef = 01000000000000000000020E /* fieldwork_mobile_core.swift */; };
		01000000000000000000010F /* FieldworkCore.xcframework in Frameworks */ = {isa = PBXBuildFile; fileRef = 01000000000000000000020F /* FieldworkCore.xcframework */; };
		010000000000000000000110 /* SwiftTerm in Frameworks */ = {isa = PBXBuildFile; productRef = 010000000000000000000701 /* SwiftTerm */; };
		010000000000000000000114 /* Sentry in Frameworks */ = {isa = PBXBuildFile; productRef = 010000000000000000000703 /* Sentry */; };
/* End PBXBuildFile section */

/* Begin PBXFileReference section */
		010000000000000000000200 /* Fieldwork.app */ = {isa = PBXFileReference; explicitFileType = wrapper.application; includeInIndex = 0; path = Fieldwork.app; sourceTree = BUILT_PRODUCTS_DIR; };
		010000000000000000000201 /* FieldworkApp.swift */ = {isa = PBXFileReference; lastKnownFileType = sourcecode.swift; path = FieldworkApp.swift; sourceTree = "<group>"; };
		010000000000000000000202 /* AppModel.swift */ = {isa = PBXFileReference; lastKnownFileType = sourcecode.swift; path = AppModel.swift; sourceTree = "<group>"; };
		010000000000000000000212 /* AppDelegate.swift */ = {isa = PBXFileReference; lastKnownFileType = sourcecode.swift; path = AppDelegate.swift; sourceTree = "<group>"; };
		010000000000000000000203 /* FieldworkService.swift */ = {isa = PBXFileReference; lastKnownFileType = sourcecode.swift; path = FieldworkService.swift; sourceTree = "<group>"; };
		010000000000000000000204 /* FieldworkCoreStubs.swift */ = {isa = PBXFileReference; lastKnownFileType = sourcecode.swift; path = FieldworkCoreStubs.swift; sourceTree = "<group>"; };
		010000000000000000000205 /* KeychainStore.swift */ = {isa = PBXFileReference; lastKnownFileType = sourcecode.swift; path = KeychainStore.swift; sourceTree = "<group>"; };
		010000000000000000000206 /* SecurityGate.swift */ = {isa = PBXFileReference; lastKnownFileType = sourcecode.swift; path = SecurityGate.swift; sourceTree = "<group>"; };
		010000000000000000000207 /* TerminalSessionController.swift */ = {isa = PBXFileReference; lastKnownFileType = sourcecode.swift; path = TerminalSessionController.swift; sourceTree = "<group>"; };
		010000000000000000000208 /* Theme.swift */ = {isa = PBXFileReference; lastKnownFileType = sourcecode.swift; path = Theme.swift; sourceTree = "<group>"; };
		010000000000000000000209 /* SessionsListView.swift */ = {isa = PBXFileReference; lastKnownFileType = sourcecode.swift; path = SessionsListView.swift; sourceTree = "<group>"; };
		01000000000000000000020A /* PairingView.swift */ = {isa = PBXFileReference; lastKnownFileType = sourcecode.swift; path = PairingView.swift; sourceTree = "<group>"; };
		01000000000000000000020B /* TerminalScreen.swift */ = {isa = PBXFileReference; lastKnownFileType = sourcecode.swift; path = TerminalScreen.swift; sourceTree = "<group>"; };
		01000000000000000000020C /* SwiftTermView.swift */ = {isa = PBXFileReference; lastKnownFileType = sourcecode.swift; path = SwiftTermView.swift; sourceTree = "<group>"; };
		01000000000000000000020D /* SettingsView.swift */ = {isa = PBXFileReference; lastKnownFileType = sourcecode.swift; path = SettingsView.swift; sourceTree = "<group>"; };
		010000000000000000000213 /* OpenSourceLicensesView.swift */ = {isa = PBXFileReference; lastKnownFileType = sourcecode.swift; path = OpenSourceLicensesView.swift; sourceTree = "<group>"; };
		010000000000000000000214 /* MobileTelemetry.swift */ = {isa = PBXFileReference; lastKnownFileType = sourcecode.swift; path = MobileTelemetry.swift; sourceTree = "<group>"; };
		01000000000000000000020E /* fieldwork_mobile_core.swift */ = {isa = PBXFileReference; lastKnownFileType = sourcecode.swift; name = fieldwork_mobile_core.swift; path = GeneratedRust/fieldwork_mobile_core.swift; sourceTree = SOURCE_ROOT; };
		01000000000000000000020F /* FieldworkCore.xcframework */ = {isa = PBXFileReference; lastKnownFileType = wrapper.xcframework; name = FieldworkCore.xcframework; path = GeneratedRust/FieldworkCore.xcframework; sourceTree = SOURCE_ROOT; };
		010000000000000000000210 /* Info.plist */ = {isa = PBXFileReference; lastKnownFileType = text.plist.xml; path = Info.plist; sourceTree = "<group>"; };
		010000000000000000000211 /* Fieldwork.entitlements */ = {isa = PBXFileReference; lastKnownFileType = text.plist.entitlements; path = Fieldwork.entitlements; sourceTree = "<group>"; };
/* End PBXFileReference section */

/* Begin PBXFrameworksBuildPhase section */
		010000000000000000000300 /* Frameworks */ = {
			isa = PBXFrameworksBuildPhase;
			buildActionMask = 2147483647;
			files = (
				01000000000000000000010F /* FieldworkCore.xcframework in Frameworks */,
				010000000000000000000110 /* SwiftTerm in Frameworks */,
				010000000000000000000114 /* Sentry in Frameworks */,
			);
			runOnlyForDeploymentPostprocessing = 0;
		};
/* End PBXFrameworksBuildPhase section */

/* Begin PBXGroup section */
		010000000000000000000400 = {
			isa = PBXGroup;
			children = (
				010000000000000000000401 /* Sources */,
				010000000000000000000410 /* Resources */,
				01000000000000000000020E /* fieldwork_mobile_core.swift */,
				01000000000000000000020F /* FieldworkCore.xcframework */,
				010000000000000000000402 /* Products */,
			);
			sourceTree = "<group>";
		};
		010000000000000000000401 /* Sources */ = {
			isa = PBXGroup;
			children = (
				010000000000000000000403 /* App */,
				010000000000000000000404 /* Core */,
				010000000000000000000405 /* Features */,
				010000000000000000000409 /* UI */,
			);
			path = Sources;
			sourceTree = "<group>";
		};
		010000000000000000000402 /* Products */ = {
			isa = PBXGroup;
			children = (
				010000000000000000000200 /* Fieldwork.app */,
			);
			name = Products;
			sourceTree = "<group>";
		};
		010000000000000000000403 /* App */ = {
			isa = PBXGroup;
			children = (
				010000000000000000000201 /* FieldworkApp.swift */,
				010000000000000000000212 /* AppDelegate.swift */,
				010000000000000000000202 /* AppModel.swift */,
			);
			path = App;
			sourceTree = "<group>";
		};
		010000000000000000000404 /* Core */ = {
			isa = PBXGroup;
			children = (
				010000000000000000000203 /* FieldworkService.swift */,
				010000000000000000000204 /* FieldworkCoreStubs.swift */,
				010000000000000000000205 /* KeychainStore.swift */,
				010000000000000000000206 /* SecurityGate.swift */,
				010000000000000000000207 /* TerminalSessionController.swift */,
				010000000000000000000214 /* MobileTelemetry.swift */,
			);
			path = Core;
			sourceTree = "<group>";
		};
		010000000000000000000405 /* Features */ = {
			isa = PBXGroup;
			children = (
				010000000000000000000406 /* Sessions */,
				010000000000000000000407 /* Pairing */,
				010000000000000000000408 /* Terminal */,
				01000000000000000000040A /* Settings */,
			);
			path = Features;
			sourceTree = "<group>";
		};
		010000000000000000000406 /* Sessions */ = {
			isa = PBXGroup;
			children = (
				010000000000000000000209 /* SessionsListView.swift */,
			);
			path = Sessions;
			sourceTree = "<group>";
		};
		010000000000000000000407 /* Pairing */ = {
			isa = PBXGroup;
			children = (
				01000000000000000000020A /* PairingView.swift */,
			);
			path = Pairing;
			sourceTree = "<group>";
		};
		010000000000000000000408 /* Terminal */ = {
			isa = PBXGroup;
			children = (
				01000000000000000000020B /* TerminalScreen.swift */,
				01000000000000000000020C /* SwiftTermView.swift */,
			);
			path = Terminal;
			sourceTree = "<group>";
		};
		010000000000000000000409 /* UI */ = {
			isa = PBXGroup;
			children = (
				010000000000000000000208 /* Theme.swift */,
			);
			path = UI;
			sourceTree = "<group>";
		};
		01000000000000000000040A /* Settings */ = {
			isa = PBXGroup;
			children = (
				01000000000000000000020D /* SettingsView.swift */,
				010000000000000000000213 /* OpenSourceLicensesView.swift */,
			);
			path = Settings;
			sourceTree = "<group>";
		};
		010000000000000000000410 /* Resources */ = {
			isa = PBXGroup;
			children = (
				010000000000000000000210 /* Info.plist */,
				010000000000000000000211 /* Fieldwork.entitlements */,
			);
			path = Resources;
			sourceTree = "<group>";
		};
/* End PBXGroup section */

/* Begin PBXNativeTarget section */
		010000000000000000000500 /* Fieldwork */ = {
			isa = PBXNativeTarget;
			buildConfigurationList = 010000000000000000000601 /* Build configuration list for PBXNativeTarget "Fieldwork" */;
			buildPhases = (
				010000000000000000000900 /* Build Rust Mobile Core */,
				010000000000000000000301 /* Sources */,
				010000000000000000000300 /* Frameworks */,
				010000000000000000000302 /* Resources */,
			);
			buildRules = (
			);
			dependencies = (
			);
			name = Fieldwork;
			packageProductDependencies = (
				010000000000000000000701 /* SwiftTerm */,
				010000000000000000000703 /* Sentry */,
			);
			productName = Fieldwork;
			productReference = 010000000000000000000200 /* Fieldwork.app */;
			productType = "com.apple.product-type.application";
		};
/* End PBXNativeTarget section */

/* Begin PBXProject section */
		010000000000000000000600 /* Project object */ = {
			isa = PBXProject;
			attributes = {
				BuildIndependentTargetsInParallel = 1;
				LastSwiftUpdateCheck = 1600;
				LastUpgradeCheck = 1600;
				TargetAttributes = {
					010000000000000000000500 = {
						CreatedOnToolsVersion = 16.0;
					};
				};
			};
			buildConfigurationList = 010000000000000000000602 /* Build configuration list for PBXProject "Fieldwork" */;
			compatibilityVersion = "Xcode 14.0";
			developmentRegion = en;
			hasScannedForEncodings = 0;
			knownRegions = (
				en,
				Base,
			);
			mainGroup = 010000000000000000000400;
			packageReferences = (
				010000000000000000000700 /* XCRemoteSwiftPackageReference "SwiftTerm" */,
				010000000000000000000702 /* XCRemoteSwiftPackageReference "sentry-cocoa" */,
			);
			productRefGroup = 010000000000000000000402 /* Products */;
			projectDirPath = "";
			projectRoot = "";
			targets = (
				010000000000000000000500 /* Fieldwork */,
			);
		};
/* End PBXProject section */

/* Begin PBXResourcesBuildPhase section */
		010000000000000000000302 /* Resources */ = {
			isa = PBXResourcesBuildPhase;
			buildActionMask = 2147483647;
			files = (
			);
			runOnlyForDeploymentPostprocessing = 0;
		};
/* End PBXResourcesBuildPhase section */

/* Begin PBXShellScriptBuildPhase section */
		010000000000000000000900 /* Build Rust Mobile Core */ = {
			isa = PBXShellScriptBuildPhase;
			alwaysOutOfDate = 1;
			buildActionMask = 2147483647;
			files = (
			);
			inputFileListPaths = (
			);
			inputPaths = (
			);
			name = "Build Rust Mobile Core";
			outputFileListPaths = (
			);
			outputPaths = (
				"$(SRCROOT)/GeneratedRust/fieldwork_mobile_core.swift",
				"$(SRCROOT)/GeneratedRust/FieldworkCore.xcframework",
			);
			runOnlyForDeploymentPostprocessing = 0;
			shellPath = /bin/sh;
			shellScript = "if [ \"${FIELDWORK_SKIP_RUST_BUILD:-}\" != \"1\" ]; then\n  /bin/bash \"${SRCROOT}/scripts/build-rust.sh\"\nfi\n";
		};
/* End PBXShellScriptBuildPhase section */

/* Begin PBXSourcesBuildPhase section */
		010000000000000000000301 /* Sources */ = {
			isa = PBXSourcesBuildPhase;
			buildActionMask = 2147483647;
			files = (
				01000000000000000000010E /* fieldwork_mobile_core.swift in Sources */,
				010000000000000000000101 /* FieldworkApp.swift in Sources */,
				010000000000000000000111 /* AppDelegate.swift in Sources */,
				010000000000000000000102 /* AppModel.swift in Sources */,
				010000000000000000000103 /* FieldworkService.swift in Sources */,
				010000000000000000000104 /* FieldworkCoreStubs.swift in Sources */,
				010000000000000000000105 /* KeychainStore.swift in Sources */,
				010000000000000000000106 /* SecurityGate.swift in Sources */,
				010000000000000000000107 /* TerminalSessionController.swift in Sources */,
				010000000000000000000115 /* MobileTelemetry.swift in Sources */,
				010000000000000000000108 /* Theme.swift in Sources */,
				010000000000000000000109 /* SessionsListView.swift in Sources */,
				01000000000000000000010A /* PairingView.swift in Sources */,
				01000000000000000000010B /* TerminalScreen.swift in Sources */,
				01000000000000000000010C /* SwiftTermView.swift in Sources */,
				01000000000000000000010D /* SettingsView.swift in Sources */,
				010000000000000000000113 /* OpenSourceLicensesView.swift in Sources */,
			);
			runOnlyForDeploymentPostprocessing = 0;
		};
/* End PBXSourcesBuildPhase section */

/* Begin XCBuildConfiguration section */
		010000000000000000000611 /* Debug */ = {
			isa = XCBuildConfiguration;
			buildSettings = {
				ALWAYS_SEARCH_USER_PATHS = NO;
				CLANG_ANALYZER_NONNULL = YES;
				CLANG_ANALYZER_NUMBER_OBJECT_CONVERSION = YES_AGGRESSIVE;
				CLANG_CXX_LANGUAGE_STANDARD = "gnu++20";
				CLANG_ENABLE_MODULES = YES;
				CLANG_ENABLE_OBJC_ARC = YES;
				CLANG_ENABLE_OBJC_WEAK = YES;
				CLANG_WARN_BLOCK_CAPTURE_AUTORELEASING = YES;
				CLANG_WARN_BOOL_CONVERSION = YES;
				CLANG_WARN_COMMA = YES;
				CLANG_WARN_CONSTANT_CONVERSION = YES;
				CLANG_WARN_DEPRECATED_OBJC_IMPLEMENTATIONS = YES;
				CLANG_WARN_DIRECT_OBJC_ISA_USAGE = YES_ERROR;
				CLANG_WARN_DOCUMENTATION_COMMENTS = YES;
				CLANG_WARN_EMPTY_BODY = YES;
				CLANG_WARN_ENUM_CONVERSION = YES;
				CLANG_WARN_INFINITE_RECURSION = YES;
				CLANG_WARN_INT_CONVERSION = YES;
				CLANG_WARN_NON_LITERAL_NULL_CONVERSION = YES;
				CLANG_WARN_OBJC_IMPLICIT_RETAIN_SELF = YES;
				CLANG_WARN_OBJC_LITERAL_CONVERSION = YES;
				CLANG_WARN_OBJC_ROOT_CLASS = YES_ERROR;
				CLANG_WARN_QUOTED_INCLUDE_IN_FRAMEWORK_HEADER = YES;
				CLANG_WARN_RANGE_LOOP_ANALYSIS = YES;
				CLANG_WARN_STRICT_PROTOTYPES = YES;
				CLANG_WARN_SUSPICIOUS_MOVE = YES;
				CLANG_WARN_UNGUARDED_AVAILABILITY = YES_AGGRESSIVE;
				CLANG_WARN_UNREACHABLE_CODE = YES;
				CLANG_WARN__DUPLICATE_METHOD_MATCH = YES;
				COPY_PHASE_STRIP = NO;
				DEBUG_INFORMATION_FORMAT = dwarf;
				ENABLE_STRICT_OBJC_MSGSEND = YES;
				ENABLE_TESTABILITY = YES;
				GCC_C_LANGUAGE_STANDARD = gnu17;
				GCC_DYNAMIC_NO_PIC = NO;
				GCC_NO_COMMON_BLOCKS = YES;
				GCC_OPTIMIZATION_LEVEL = 0;
				GCC_PREPROCESSOR_DEFINITIONS = (
					"DEBUG=1",
					"$(inherited)",
				);
				GCC_WARN_64_TO_32_BIT_CONVERSION = YES;
				GCC_WARN_ABOUT_RETURN_TYPE = YES_ERROR;
				GCC_WARN_UNDECLARED_SELECTOR = YES;
				GCC_WARN_UNINITIALIZED_AUTOS = YES_AGGRESSIVE;
				GCC_WARN_UNUSED_FUNCTION = YES;
				GCC_WARN_UNUSED_VARIABLE = YES;
				IPHONEOS_DEPLOYMENT_TARGET = 17.0;
				MTL_ENABLE_DEBUG_INFO = INCLUDE_SOURCE;
				ONLY_ACTIVE_ARCH = YES;
				SDKROOT = iphoneos;
				SWIFT_ACTIVE_COMPILATION_CONDITIONS = "DEBUG $(inherited)";
				SWIFT_OPTIMIZATION_LEVEL = "-Onone";
			};
			name = Debug;
		};
		010000000000000000000612 /* Release */ = {
			isa = XCBuildConfiguration;
			buildSettings = {
				ALWAYS_SEARCH_USER_PATHS = NO;
				CLANG_ANALYZER_NONNULL = YES;
				CLANG_ANALYZER_NUMBER_OBJECT_CONVERSION = YES_AGGRESSIVE;
				CLANG_CXX_LANGUAGE_STANDARD = "gnu++20";
				CLANG_ENABLE_MODULES = YES;
				CLANG_ENABLE_OBJC_ARC = YES;
				CLANG_ENABLE_OBJC_WEAK = YES;
				CLANG_WARN_BLOCK_CAPTURE_AUTORELEASING = YES;
				CLANG_WARN_BOOL_CONVERSION = YES;
				CLANG_WARN_COMMA = YES;
				CLANG_WARN_CONSTANT_CONVERSION = YES;
				CLANG_WARN_DEPRECATED_OBJC_IMPLEMENTATIONS = YES;
				CLANG_WARN_DIRECT_OBJC_ISA_USAGE = YES_ERROR;
				CLANG_WARN_DOCUMENTATION_COMMENTS = YES;
				CLANG_WARN_EMPTY_BODY = YES;
				CLANG_WARN_ENUM_CONVERSION = YES;
				CLANG_WARN_INFINITE_RECURSION = YES;
				CLANG_WARN_INT_CONVERSION = YES;
				CLANG_WARN_NON_LITERAL_NULL_CONVERSION = YES;
				CLANG_WARN_OBJC_IMPLICIT_RETAIN_SELF = YES;
				CLANG_WARN_OBJC_LITERAL_CONVERSION = YES;
				CLANG_WARN_OBJC_ROOT_CLASS = YES_ERROR;
				CLANG_WARN_QUOTED_INCLUDE_IN_FRAMEWORK_HEADER = YES;
				CLANG_WARN_RANGE_LOOP_ANALYSIS = YES;
				CLANG_WARN_STRICT_PROTOTYPES = YES;
				CLANG_WARN_SUSPICIOUS_MOVE = YES;
				CLANG_WARN_UNGUARDED_AVAILABILITY = YES_AGGRESSIVE;
				CLANG_WARN_UNREACHABLE_CODE = YES;
				CLANG_WARN__DUPLICATE_METHOD_MATCH = YES;
				COPY_PHASE_STRIP = NO;
				DEBUG_INFORMATION_FORMAT = "dwarf-with-dsym";
				ENABLE_NS_ASSERTIONS = NO;
				ENABLE_STRICT_OBJC_MSGSEND = YES;
				GCC_C_LANGUAGE_STANDARD = gnu17;
				GCC_NO_COMMON_BLOCKS = YES;
				GCC_WARN_64_TO_32_BIT_CONVERSION = YES;
				GCC_WARN_ABOUT_RETURN_TYPE = YES_ERROR;
				GCC_WARN_UNDECLARED_SELECTOR = YES;
				GCC_WARN_UNINITIALIZED_AUTOS = YES_AGGRESSIVE;
				GCC_WARN_UNUSED_FUNCTION = YES;
				GCC_WARN_UNUSED_VARIABLE = YES;
				IPHONEOS_DEPLOYMENT_TARGET = 17.0;
				MTL_ENABLE_DEBUG_INFO = NO;
				SDKROOT = iphoneos;
				SWIFT_COMPILATION_MODE = wholemodule;
				VALIDATE_PRODUCT = YES;
			};
			name = Release;
		};
		010000000000000000000621 /* Debug */ = {
			isa = XCBuildConfiguration;
			buildSettings = {
				APS_ENVIRONMENT = development;
				CODE_SIGN_ENTITLEMENTS = Resources/Fieldwork.entitlements;
				CODE_SIGN_STYLE = Automatic;
				CURRENT_PROJECT_VERSION = 1;
				DEVELOPMENT_ASSET_PATHS = "";
				DEVELOPMENT_TEAM = "";
				FRAMEWORK_SEARCH_PATHS = (
					"$(inherited)",
					"$(SRCROOT)/GeneratedRust",
				);
				GENERATE_INFOPLIST_FILE = NO;
				INFOPLIST_FILE = Resources/Info.plist;
				IPHONEOS_DEPLOYMENT_TARGET = 17.0;
				LD_RUNPATH_SEARCH_PATHS = (
					"$(inherited)",
					"@executable_path/Frameworks",
				);
				MARKETING_VERSION = 1.0;
				PRODUCT_BUNDLE_IDENTIFIER = app.fieldwork.ios;
				PRODUCT_NAME = "$(TARGET_NAME)";
				SUPPORTED_PLATFORMS = "iphoneos iphonesimulator";
				SUPPORTS_MACCATALYST = NO;
				SWIFT_EMIT_LOC_STRINGS = YES;
				SWIFT_STRICT_CONCURRENCY = complete;
				SWIFT_VERSION = 6.0;
				TARGETED_DEVICE_FAMILY = "1,2";
			};
			name = Debug;
		};
		010000000000000000000622 /* Release */ = {
			isa = XCBuildConfiguration;
			buildSettings = {
				APS_ENVIRONMENT = production;
				CODE_SIGN_ENTITLEMENTS = Resources/Fieldwork.entitlements;
				CODE_SIGN_STYLE = Automatic;
				CURRENT_PROJECT_VERSION = 1;
				DEVELOPMENT_TEAM = "";
				FRAMEWORK_SEARCH_PATHS = (
					"$(inherited)",
					"$(SRCROOT)/GeneratedRust",
				);
				GENERATE_INFOPLIST_FILE = NO;
				INFOPLIST_FILE = Resources/Info.plist;
				IPHONEOS_DEPLOYMENT_TARGET = 17.0;
				LD_RUNPATH_SEARCH_PATHS = (
					"$(inherited)",
					"@executable_path/Frameworks",
				);
				MARKETING_VERSION = 1.0;
				PRODUCT_BUNDLE_IDENTIFIER = app.fieldwork.ios;
				PRODUCT_NAME = "$(TARGET_NAME)";
				SUPPORTED_PLATFORMS = "iphoneos iphonesimulator";
				SUPPORTS_MACCATALYST = NO;
				SWIFT_EMIT_LOC_STRINGS = YES;
				SWIFT_STRICT_CONCURRENCY = complete;
				SWIFT_VERSION = 6.0;
				TARGETED_DEVICE_FAMILY = "1,2";
			};
			name = Release;
		};
/* End XCBuildConfiguration section */

/* Begin XCConfigurationList section */
		010000000000000000000601 /* Build configuration list for PBXNativeTarget "Fieldwork" */ = {
			isa = XCConfigurationList;
			buildConfigurations = (
				010000000000000000000621 /* Debug */,
				010000000000000000000622 /* Release */,
			);
			defaultConfigurationIsVisible = 0;
			defaultConfigurationName = Release;
		};
		010000000000000000000602 /* Build configuration list for PBXProject "Fieldwork" */ = {
			isa = XCConfigurationList;
			buildConfigurations = (
				010000000000000000000611 /* Debug */,
				010000000000000000000612 /* Release */,
			);
			defaultConfigurationIsVisible = 0;
			defaultConfigurationName = Release;
		};
/* End XCConfigurationList section */

/* Begin XCRemoteSwiftPackageReference section */
		010000000000000000000700 /* XCRemoteSwiftPackageReference "SwiftTerm" */ = {
			isa = XCRemoteSwiftPackageReference;
			repositoryURL = "https://github.com/migueldeicaza/SwiftTerm";
			requirement = {
				kind = exactVersion;
				version = 1.13.0;
			};
		};
		010000000000000000000702 /* XCRemoteSwiftPackageReference "sentry-cocoa" */ = {
			isa = XCRemoteSwiftPackageReference;
			repositoryURL = "https://github.com/getsentry/sentry-cocoa";
			requirement = {
				kind = exactVersion;
				version = 9.13.0;
			};
		};
/* End XCRemoteSwiftPackageReference section */

/* Begin XCSwiftPackageProductDependency section */
		010000000000000000000701 /* SwiftTerm */ = {
			isa = XCSwiftPackageProductDependency;
			package = 010000000000000000000700 /* XCRemoteSwiftPackageReference "SwiftTerm" */;
			productName = SwiftTerm;
		};
		010000000000000000000703 /* Sentry */ = {
			isa = XCSwiftPackageProductDependency;
			package = 010000000000000000000702 /* XCRemoteSwiftPackageReference "sentry-cocoa" */;
			productName = Sentry;
		};
/* End XCSwiftPackageProductDependency section */
	};
	rootObject = 010000000000000000000600 /* Project object */;
}
